
Microsoft Visual Studio Solution File, Format Version 12.00
# Visual Studio Version 16
VisualStudioVersion = 16.0.31321.278
MinimumVisualStudioVersion = 10.0.40219.1
Project("{FAE04EC0-301F-11D3-BF4B-00C04F79EFBC}") = "Kalıtım10-Polimorphism", "Kalıtım10-Polimorphism\Kalıtım10-Polimorphism.csproj", "{2D0CA87F-B168-4B1B-9B4A-0300FC4DA670}"
EndProject
Global
	GlobalSection(SolutionConfigurationPlatforms) = preSolution
		Debug|Any CPU = Debug|Any CPU
		Release|Any CPU = Release|Any CPU
	EndGlobalSection
	GlobalSection(ProjectConfigurationPlatforms) = postSolution
		{2D0CA87F-B168-4B1B-9B4A-0300FC4DA670}.Debug|Any CPU.ActiveCfg = Debug|Any CPU
		{2D0CA87F-B168-4B1B-9B4A-0300FC4DA670}.Debug|Any CPU.Build.0 = Debug|Any CPU
		{2D0CA87F-B168-4B1B-9B4A-0300FC4DA670}.Release|Any CPU.ActiveCfg = Release|Any CPU
		{2D0CA87F-B168-4B1B-9B4A-0300FC4DA670}.Release|Any CPU.Build.0 = Release|Any CPU
	EndGlobalSection
	GlobalSection(SolutionProperties) = preSolution
		HideSolutionNode = FALSE
	EndGlobalSection
	GlobalSection(ExtensibilityGlobals) = postSolution
		SolutionGuid = {C6DBEE4E-55AE-4281-8047-A402D66935E8}
	EndGlobalSection
EndGlobal
